// !$*UTF8*$!
{
	archiveVersion = 1;
	classes = {
	};
	objectVersion = 56;
	objects = {

/* Begin PBXBuildFile section */
		2CBA1AA02E1B72C8004D503F /* Profile.swift in Sources */ = {isa = PBXBuildFile; fileRef = 2CBA1A9F2E1B72C8004D503F /* Profile.swift */; };
		2CBA1AA22E1B8018004D503F /* ProfileManager.swift in Sources */ = {isa = PBXBuildFile; fileRef = 2CBA1AA12E1B8018004D503F /* ProfileManager.swift */; };
		8463F75E2E1829B200DF7EED /* PlanOptionVC.swift in Sources */ = {isa = PBXBuildFile; fileRef = 8463F75C2E1829B200DF7EED /* PlanOptionVC.swift */; };
		8463F75F2E1829B200DF7EED /* PlanOptionVC.xib in Resources */ = {isa = PBXBuildFile; fileRef = 8463F75D2E1829B200DF7EED /* PlanOptionVC.xib */; };
		8463F7632E182B7A00DF7EED /* PlanOptionCell.swift in Sources */ = {isa = PBXBuildFile; fileRef = 8463F7612E182B7A00DF7EED /* PlanOptionCell.swift */; };
		8463F7642E182B7A00DF7EED /* PlanOptionCell.xib in Resources */ = {isa = PBXBuildFile; fileRef = 8463F7622E182B7A00DF7EED /* PlanOptionCell.xib */; };
		8463F7672E18328500DF7EED /* LogVC.swift in Sources */ = {isa = PBXBuildFile; fileRef = 8463F7652E18328500DF7EED /* LogVC.swift */; };
		8463F7682E18328500DF7EED /* LogVC.xib in Resources */ = {isa = PBXBuildFile; fileRef = 8463F7662E18328500DF7EED /* LogVC.xib */; };
		8463F7712E19420D00DF7EED /* SettingVC.swift in Sources */ = {isa = PBXBuildFile; fileRef = 8463F76F2E19420D00DF7EED /* SettingVC.swift */; };
		8463F7722E19420D00DF7EED /* SettingVC.xib in Resources */ = {isa = PBXBuildFile; fileRef = 8463F7702E19420D00DF7EED /* SettingVC.xib */; };
		84B8EDF12E16C7DD004F8D1B /* AppDelegate.swift in Sources */ = {isa = PBXBuildFile; fileRef = 84B8EDF02E16C7DD004F8D1B /* AppDelegate.swift */; };
		84B8EDF32E16C7DD004F8D1B /* SceneDelegate.swift in Sources */ = {isa = PBXBuildFile; fileRef = 84B8EDF22E16C7DD004F8D1B /* SceneDelegate.swift */; };
		84B8EDF52E16C7DD004F8D1B /* ViewController.swift in Sources */ = {isa = PBXBuildFile; fileRef = 84B8EDF42E16C7DD004F8D1B /* ViewController.swift */; };
		84B8EDF82E16C7DD004F8D1B /* Main.storyboard in Resources */ = {isa = PBXBuildFile; fileRef = 84B8EDF62E16C7DD004F8D1B /* Main.storyboard */; };
		84B8EDFA2E16C7DE004F8D1B /* Assets.xcassets in Resources */ = {isa = PBXBuildFile; fileRef = 84B8EDF92E16C7DE004F8D1B /* Assets.xcassets */; };
		84B8EDFD2E16C7DE004F8D1B /* LaunchScreen.storyboard in Resources */ = {isa = PBXBuildFile; fileRef = 84B8EDFB2E16C7DE004F8D1B /* LaunchScreen.storyboard */; };
		84B8EE0A2E16D2EE004F8D1B /* FirstPageVC.swift in Sources */ = {isa = PBXBuildFile; fileRef = 84B8EE082E16D2EE004F8D1B /* FirstPageVC.swift */; };
		84B8EE0B2E16D2EE004F8D1B /* FirstPageVC.xib in Resources */ = {isa = PBXBuildFile; fileRef = 84B8EE092E16D2EE004F8D1B /* FirstPageVC.xib */; };
		84B8EE0E2E16DA11004F8D1B /* IssueOptionVC.swift in Sources */ = {isa = PBXBuildFile; fileRef = 84B8EE0C2E16DA11004F8D1B /* IssueOptionVC.swift */; };
		84B8EE0F2E16DA11004F8D1B /* IssueOptionVC.xib in Resources */ = {isa = PBXBuildFile; fileRef = 84B8EE0D2E16DA11004F8D1B /* IssueOptionVC.xib */; };
		84B8EE142E17D484004F8D1B /* IssueOptionCell.swift in Sources */ = {isa = PBXBuildFile; fileRef = 84B8EE122E17D484004F8D1B /* IssueOptionCell.swift */; };
		84B8EE152E17D484004F8D1B /* IssueOptionCell.xib in Resources */ = {isa = PBXBuildFile; fileRef = 84B8EE132E17D484004F8D1B /* IssueOptionCell.xib */; };
		84B8EE172E17EA45004F8D1B /* Option.swift in Sources */ = {isa = PBXBuildFile; fileRef = 84B8EE162E17EA45004F8D1B /* Option.swift */; };
		84B8EE1F2E17FCA7004F8D1B /* GoalOptionVC.swift in Sources */ = {isa = PBXBuildFile; fileRef = 84B8EE1D2E17FCA7004F8D1B /* GoalOptionVC.swift */; };
		84B8EE202E17FCA7004F8D1B /* GoalOptionVC.xib in Resources */ = {isa = PBXBuildFile; fileRef = 84B8EE1E2E17FCA7004F8D1B /* GoalOptionVC.xib */; };
		84B8EE242E181F2C004F8D1B /* GoalOptionCell.swift in Sources */ = {isa = PBXBuildFile; fileRef = 84B8EE222E181F2C004F8D1B /* GoalOptionCell.swift */; };
		84B8EE252E181F2C004F8D1B /* GoalOptionCell.xib in Resources */ = {isa = PBXBuildFile; fileRef = 84B8EE232E181F2C004F8D1B /* GoalOptionCell.xib */; };
		84CDAC602E19775E008A7073 /* LogCell.swift in Sources */ = {isa = PBXBuildFile; fileRef = 84CDAC5E2E19775E008A7073 /* LogCell.swift */; };
		84CDAC612E19775E008A7073 /* LogCell.xib in Resources */ = {isa = PBXBuildFile; fileRef = 84CDAC5F2E19775E008A7073 /* LogCell.xib */; };
		84CDAC632E197EAD008A7073 /* Log.swift in Sources */ = {isa = PBXBuildFile; fileRef = 84CDAC622E197EAD008A7073 /* Log.swift */; };
		84CDAC662E1A7B9A008A7073 /* SettingCell.swift in Sources */ = {isa = PBXBuildFile; fileRef = 84CDAC642E1A7B9A008A7073 /* SettingCell.swift */; };
		84CDAC672E1A7B9A008A7073 /* SettingCell.xib in Resources */ = {isa = PBXBuildFile; fileRef = 84CDAC652E1A7B9A008A7073 /* SettingCell.xib */; };
		84CDAC692E1A854B008A7073 /* Setting.swift in Sources */ = {isa = PBXBuildFile; fileRef = 84CDAC682E1A854B008A7073 /* Setting.swift */; };
		84CDAC6C2E1A963A008A7073 /* InfoProfileVC.swift in Sources */ = {isa = PBXBuildFile; fileRef = 84CDAC6A2E1A963A008A7073 /* InfoProfileVC.swift */; };
		84CDAC6D2E1A963A008A7073 /* InfoProfileVC.xib in Resources */ = {isa = PBXBuildFile; fileRef = 84CDAC6B2E1A963A008A7073 /* InfoProfileVC.xib */; };
		84CDAC712E1AA105008A7073 /* ProfileVC.swift in Sources */ = {isa = PBXBuildFile; fileRef = 84CDAC6F2E1AA105008A7073 /* ProfileVC.swift */; };
		84CDAC722E1AA105008A7073 /* ProfileVC.xib in Resources */ = {isa = PBXBuildFile; fileRef = 84CDAC702E1AA105008A7073 /* ProfileVC.xib */; };
		84EE175E2E195C9000E7738C /* InfoHeartVC.swift in Sources */ = {isa = PBXBuildFile; fileRef = 84EE175C2E195C9000E7738C /* InfoHeartVC.swift */; };
		84EE175F2E195C9000E7738C /* InfoHeartVC.xib in Resources */ = {isa = PBXBuildFile; fileRef = 84EE175D2E195C9000E7738C /* InfoHeartVC.xib */; };
/* End PBXBuildFile section */

/* Begin PBXFileReference section */
		2CBA1A9F2E1B72C8004D503F /* Profile.swift */ = {isa = PBXFileReference; lastKnownFileType = sourcecode.swift; path = Profile.swift; sourceTree = "<group>"; };
		2CBA1AA12E1B8018004D503F /* ProfileManager.swift */ = {isa = PBXFileReference; lastKnownFileType = sourcecode.swift; path = ProfileManager.swift; sourceTree = "<group>"; };
		8463F75C2E1829B200DF7EED /* PlanOptionVC.swift */ = {isa = PBXFileReference; lastKnownFileType = sourcecode.swift; path = PlanOptionVC.swift; sourceTree = "<group>"; };
		8463F75D2E1829B200DF7EED /* PlanOptionVC.xib */ = {isa = PBXFileReference; lastKnownFileType = file.xib; path = PlanOptionVC.xib; sourceTree = "<group>"; };
		8463F7612E182B7A00DF7EED /* PlanOptionCell.swift */ = {isa = PBXFileReference; lastKnownFileType = sourcecode.swift; path = PlanOptionCell.swift; sourceTree = "<group>"; };
		8463F7622E182B7A00DF7EED /* PlanOptionCell.xib */ = {isa = PBXFileReference; lastKnownFileType = file.xib; path = PlanOptionCell.xib; sourceTree = "<group>"; };
		8463F7652E18328500DF7EED /* LogVC.swift */ = {isa = PBXFileReference; lastKnownFileType = sourcecode.swift; path = LogVC.swift; sourceTree = "<group>"; };
		8463F7662E18328500DF7EED /* LogVC.xib */ = {isa = PBXFileReference; lastKnownFileType = file.xib; path = LogVC.xib; sourceTree = "<group>"; };
		8463F76F2E19420D00DF7EED /* SettingVC.swift */ = {isa = PBXFileReference; lastKnownFileType = sourcecode.swift; path = SettingVC.swift; sourceTree = "<group>"; };
		8463F7702E19420D00DF7EED /* SettingVC.xib */ = {isa = PBXFileReference; lastKnownFileType = file.xib; path = SettingVC.xib; sourceTree = "<group>"; };
		84B8EDED2E16C7DD004F8D1B /* HeathPlanPro.app */ = {isa = PBXFileReference; explicitFileType = wrapper.application; includeInIndex = 0; path = HeathPlanPro.app; sourceTree = BUILT_PRODUCTS_DIR; };
		84B8EDF02E16C7DD004F8D1B /* AppDelegate.swift */ = {isa = PBXFileReference; lastKnownFileType = sourcecode.swift; path = AppDelegate.swift; sourceTree = "<group>"; };
		84B8EDF22E16C7DD004F8D1B /* SceneDelegate.swift */ = {isa = PBXFileReference; lastKnownFileType = sourcecode.swift; path = SceneDelegate.swift; sourceTree = "<group>"; };
		84B8EDF42E16C7DD004F8D1B /* ViewController.swift */ = {isa = PBXFileReference; lastKnownFileType = sourcecode.swift; path = ViewController.swift; sourceTree = "<group>"; };
		84B8EDF72E16C7DD004F8D1B /* Base */ = {isa = PBXFileReference; lastKnownFileType = file.storyboard; name = Base; path = Base.lproj/Main.storyboard; sourceTree = "<group>"; };
		84B8EDF92E16C7DE004F8D1B /* Assets.xcassets */ = {isa = PBXFileReference; lastKnownFileType = folder.assetcatalog; path = Assets.xcassets; sourceTree = "<group>"; };
		84B8EDFC2E16C7DE004F8D1B /* Base */ = {isa = PBXFileReference; lastKnownFileType = file.storyboard; name = Base; path = Base.lproj/LaunchScreen.storyboard; sourceTree = "<group>"; };
		84B8EDFE2E16C7DE004F8D1B /* Info.plist */ = {isa = PBXFileReference; lastKnownFileType = text.plist.xml; path = Info.plist; sourceTree = "<group>"; };
		84B8EE082E16D2EE004F8D1B /* FirstPageVC.swift */ = {isa = PBXFileReference; lastKnownFileType = sourcecode.swift; path = FirstPageVC.swift; sourceTree = "<group>"; };
		84B8EE092E16D2EE004F8D1B /* FirstPageVC.xib */ = {isa = PBXFileReference; lastKnownFileType = file.xib; path = FirstPageVC.xib; sourceTree = "<group>"; };
		84B8EE0C2E16DA11004F8D1B /* IssueOptionVC.swift */ = {isa = PBXFileReference; lastKnownFileType = sourcecode.swift; path = IssueOptionVC.swift; sourceTree = "<group>"; };
		84B8EE0D2E16DA11004F8D1B /* IssueOptionVC.xib */ = {isa = PBXFileReference; lastKnownFileType = file.xib; path = IssueOptionVC.xib; sourceTree = "<group>"; };
		84B8EE122E17D484004F8D1B /* IssueOptionCell.swift */ = {isa = PBXFileReference; lastKnownFileType = sourcecode.swift; path = IssueOptionCell.swift; sourceTree = "<group>"; };
		84B8EE132E17D484004F8D1B /* IssueOptionCell.xib */ = {isa = PBXFileReference; lastKnownFileType = file.xib; path = IssueOptionCell.xib; sourceTree = "<group>"; };
		84B8EE162E17EA45004F8D1B /* Option.swift */ = {isa = PBXFileReference; lastKnownFileType = sourcecode.swift; path = Option.swift; sourceTree = "<group>"; };
		84B8EE1D2E17FCA7004F8D1B /* GoalOptionVC.swift */ = {isa = PBXFileReference; lastKnownFileType = sourcecode.swift; path = GoalOptionVC.swift; sourceTree = "<group>"; };
		84B8EE1E2E17FCA7004F8D1B /* GoalOptionVC.xib */ = {isa = PBXFileReference; lastKnownFileType = file.xib; path = GoalOptionVC.xib; sourceTree = "<group>"; };
		84B8EE222E181F2C004F8D1B /* GoalOptionCell.swift */ = {isa = PBXFileReference; lastKnownFileType = sourcecode.swift; path = GoalOptionCell.swift; sourceTree = "<group>"; };
		84B8EE232E181F2C004F8D1B /* GoalOptionCell.xib */ = {isa = PBXFileReference; lastKnownFileType = file.xib; path = GoalOptionCell.xib; sourceTree = "<group>"; };
		84CDAC5E2E19775E008A7073 /* LogCell.swift */ = {isa = PBXFileReference; lastKnownFileType = sourcecode.swift; path = LogCell.swift; sourceTree = "<group>"; };
		84CDAC5F2E19775E008A7073 /* LogCell.xib */ = {isa = PBXFileReference; lastKnownFileType = file.xib; path = LogCell.xib; sourceTree = "<group>"; };
		84CDAC622E197EAD008A7073 /* Log.swift */ = {isa = PBXFileReference; lastKnownFileType = sourcecode.swift; path = Log.swift; sourceTree = "<group>"; };
		84CDAC642E1A7B9A008A7073 /* SettingCell.swift */ = {isa = PBXFileReference; lastKnownFileType = sourcecode.swift; path = SettingCell.swift; sourceTree = "<group>"; };
		84CDAC652E1A7B9A008A7073 /* SettingCell.xib */ = {isa = PBXFileReference; lastKnownFileType = file.xib; path = SettingCell.xib; sourceTree = "<group>"; };
		84CDAC682E1A854B008A7073 /* Setting.swift */ = {isa = PBXFileReference; lastKnownFileType = sourcecode.swift; path = Setting.swift; sourceTree = "<group>"; };
		84CDAC6A2E1A963A008A7073 /* InfoProfileVC.swift */ = {isa = PBXFileReference; lastKnownFileType = sourcecode.swift; path = InfoProfileVC.swift; sourceTree = "<group>"; };
		84CDAC6B2E1A963A008A7073 /* InfoProfileVC.xib */ = {isa = PBXFileReference; lastKnownFileType = file.xib; path = InfoProfileVC.xib; sourceTree = "<group>"; };
		84CDAC6F2E1AA105008A7073 /* ProfileVC.swift */ = {isa = PBXFileReference; lastKnownFileType = sourcecode.swift; path = ProfileVC.swift; sourceTree = "<group>"; };
		84CDAC702E1AA105008A7073 /* ProfileVC.xib */ = {isa = PBXFileReference; lastKnownFileType = file.xib; path = ProfileVC.xib; sourceTree = "<group>"; };
		84EE175C2E195C9000E7738C /* InfoHeartVC.swift */ = {isa = PBXFileReference; lastKnownFileType = sourcecode.swift; path = InfoHeartVC.swift; sourceTree = "<group>"; };
		84EE175D2E195C9000E7738C /* InfoHeartVC.xib */ = {isa = PBXFileReference; lastKnownFileType = file.xib; path = InfoHeartVC.xib; sourceTree = "<group>"; };
/* End PBXFileReference section */

/* Begin PBXFrameworksBuildPhase section */
		84B8EDEA2E16C7DD004F8D1B /* Frameworks */ = {
			isa = PBXFrameworksBuildPhase;
			buildActionMask = 2147483647;
			files = (
			);
			runOnlyForDeploymentPostprocessing = 0;
		};
/* End PBXFrameworksBuildPhase section */

/* Begin PBXGroup section */
		8463F7602E1829BA00DF7EED /* PlanOptionVC */ = {
			isa = PBXGroup;
			children = (
				8463F75C2E1829B200DF7EED /* PlanOptionVC.swift */,
				8463F75D2E1829B200DF7EED /* PlanOptionVC.xib */,
				8463F7612E182B7A00DF7EED /* PlanOptionCell.swift */,
				8463F7622E182B7A00DF7EED /* PlanOptionCell.xib */,
			);
			path = PlanOptionVC;
			sourceTree = "<group>";
		};
		8463F7692E18329500DF7EED /* LogVC */ = {
			isa = PBXGroup;
			children = (
				8463F7652E18328500DF7EED /* LogVC.swift */,
				8463F7662E18328500DF7EED /* LogVC.xib */,
				84CDAC5E2E19775E008A7073 /* LogCell.swift */,
				84CDAC5F2E19775E008A7073 /* LogCell.xib */,
			);
			path = LogVC;
			sourceTree = "<group>";
		};
		8463F7732E19421300DF7EED /* SettingVC */ = {
			isa = PBXGroup;
			children = (
				8463F76F2E19420D00DF7EED /* SettingVC.swift */,
				8463F7702E19420D00DF7EED /* SettingVC.xib */,
				84CDAC642E1A7B9A008A7073 /* SettingCell.swift */,
				84CDAC652E1A7B9A008A7073 /* SettingCell.xib */,
			);
			path = SettingVC;
			sourceTree = "<group>";
		};
		84B8EDE42E16C7DD004F8D1B = {
			isa = PBXGroup;
			children = (
				84B8EDEF2E16C7DD004F8D1B /* HeathPlanPro */,
				84B8EDEE2E16C7DD004F8D1B /* Products */,
			);
			sourceTree = "<group>";
		};
		84B8EDEE2E16C7DD004F8D1B /* Products */ = {
			isa = PBXGroup;
			children = (
				84B8EDED2E16C7DD004F8D1B /* HeathPlanPro.app */,
			);
			name = Products;
			sourceTree = "<group>";
		};
		84B8EDEF2E16C7DD004F8D1B /* HeathPlanPro */ = {
			isa = PBXGroup;
			children = (
				84B8EDF02E16C7DD004F8D1B /* AppDelegate.swift */,
				84B8EDF22E16C7DD004F8D1B /* SceneDelegate.swift */,
				84B8EDF42E16C7DD004F8D1B /* ViewController.swift */,
				84B8EE162E17EA45004F8D1B /* Option.swift */,
				84CDAC622E197EAD008A7073 /* Log.swift */,
				84CDAC682E1A854B008A7073 /* Setting.swift */,
				2CBA1A9F2E1B72C8004D503F /* Profile.swift */,
				2CBA1AA12E1B8018004D503F /* ProfileManager.swift */,
				84CDAC732E1AA10B008A7073 /* ProfileVC */,
				84CDAC6E2E1A9640008A7073 /* InfoProfileVC */,
				8463F7732E19421300DF7EED /* SettingVC */,
				84EE17602E195C9800E7738C /* InfoHeartVC */,
				8463F7692E18329500DF7EED /* LogVC */,
				84B8EE102E16DA28004F8D1B /* FirstPage */,
				8463F7602E1829BA00DF7EED /* PlanOptionVC */,
				84B8EE212E17FCAE004F8D1B /* GoalOptionVC */,
				84B8EE112E16DA35004F8D1B /* IssueOption */,
				84B8EDF92E16C7DE004F8D1B /* Assets.xcassets */,
				84B8EDFB2E16C7DE004F8D1B /* LaunchScreen.storyboard */,
				84B8EDF62E16C7DD004F8D1B /* Main.storyboard */,
				84B8EDFE2E16C7DE004F8D1B /* Info.plist */,
			);
			path = HeathPlanPro;
			sourceTree = "<group>";
		};
		84B8EE102E16DA28004F8D1B /* FirstPage */ = {
			isa = PBXGroup;
			children = (
				84B8EE082E16D2EE004F8D1B /* FirstPageVC.swift */,
				84B8EE092E16D2EE004F8D1B /* FirstPageVC.xib */,
			);
			path = FirstPage;
			sourceTree = "<group>";
		};
		84B8EE112E16DA35004F8D1B /* IssueOption */ = {
			isa = PBXGroup;
			children = (
				84B8EE0C2E16DA11004F8D1B /* IssueOptionVC.swift */,
				84B8EE0D2E16DA11004F8D1B /* IssueOptionVC.xib */,
				84B8EE122E17D484004F8D1B /* IssueOptionCell.swift */,
				84B8EE132E17D484004F8D1B /* IssueOptionCell.xib */,
			);
			path = IssueOption;
			sourceTree = "<group>";
		};
		84B8EE212E17FCAE004F8D1B /* GoalOptionVC */ = {
			isa = PBXGroup;
			children = (
				84B8EE1D2E17FCA7004F8D1B /* GoalOptionVC.swift */,
				84B8EE1E2E17FCA7004F8D1B /* GoalOptionVC.xib */,
				84B8EE222E181F2C004F8D1B /* GoalOptionCell.swift */,
				84B8EE232E181F2C004F8D1B /* GoalOptionCell.xib */,
			);
			path = GoalOptionVC;
			sourceTree = "<group>";
		};
		84CDAC6E2E1A9640008A7073 /* InfoProfileVC */ = {
			isa = PBXGroup;
			children = (
				84CDAC6A2E1A963A008A7073 /* InfoProfileVC.swift */,
				84CDAC6B2E1A963A008A7073 /* InfoProfileVC.xib */,
			);
			path = InfoProfileVC;
			sourceTree = "<group>";
		};
		84CDAC732E1AA10B008A7073 /* ProfileVC */ = {
			isa = PBXGroup;
			children = (
				84CDAC6F2E1AA105008A7073 /* ProfileVC.swift */,
				84CDAC702E1AA105008A7073 /* ProfileVC.xib */,
			);
			path = ProfileVC;
			sourceTree = "<group>";
		};
		84EE17602E195C9800E7738C /* InfoHeartVC */ = {
			isa = PBXGroup;
			children = (
				84EE175C2E195C9000E7738C /* InfoHeartVC.swift */,
				84EE175D2E195C9000E7738C /* InfoHeartVC.xib */,
			);
			path = InfoHeartVC;
			sourceTree = "<group>";
		};
/* End PBXGroup section */

/* Begin PBXNativeTarget section */
		84B8EDEC2E16C7DD004F8D1B /* HeathPlanPro */ = {
			isa = PBXNativeTarget;
			buildConfigurationList = 84B8EE012E16C7DE004F8D1B /* Build configuration list for PBXNativeTarget "HeathPlanPro" */;
			buildPhases = (
				84B8EDE92E16C7DD004F8D1B /* Sources */,
				84B8EDEA2E16C7DD004F8D1B /* Frameworks */,
				84B8EDEB2E16C7DD004F8D1B /* Resources */,
			);
			buildRules = (
			);
			dependencies = (
			);
			name = HeathPlanPro;
			productName = HeathPlanPro;
			productReference = 84B8EDED2E16C7DD004F8D1B /* HeathPlanPro.app */;
			productType = "com.apple.product-type.application";
		};
/* End PBXNativeTarget section */

/* Begin PBXProject section */
		84B8EDE52E16C7DD004F8D1B /* Project object */ = {
			isa = PBXProject;
			attributes = {
				BuildIndependentTargetsInParallel = 1;
				LastSwiftUpdateCheck = 1420;
				LastUpgradeCheck = 1420;
				TargetAttributes = {
					84B8EDEC2E16C7DD004F8D1B = {
						CreatedOnToolsVersion = 14.2;
					};
				};
			};
			buildConfigurationList = 84B8EDE82E16C7DD004F8D1B /* Build configuration list for PBXProject "HeathPlanPro" */;
			compatibilityVersion = "Xcode 14.0";
			developmentRegion = en;
			hasScannedForEncodings = 0;
			knownRegions = (
				en,
				Base,
			);
			mainGroup = 84B8EDE42E16C7DD004F8D1B;
			productRefGroup = 84B8EDEE2E16C7DD004F8D1B /* Products */;
			projectDirPath = "";
			projectRoot = "";
			targets = (
				84B8EDEC2E16C7DD004F8D1B /* HeathPlanPro */,
			);
		};
/* End PBXProject section */

/* Begin PBXResourcesBuildPhase section */
		84B8EDEB2E16C7DD004F8D1B /* Resources */ = {
			isa = PBXResourcesBuildPhase;
			buildActionMask = 2147483647;
			files = (
				8463F7722E19420D00DF7EED /* SettingVC.xib in Resources */,
				84CDAC672E1A7B9A008A7073 /* SettingCell.xib in Resources */,
				84CDAC722E1AA105008A7073 /* ProfileVC.xib in Resources */,
				84B8EE152E17D484004F8D1B /* IssueOptionCell.xib in Resources */,
				84B8EE202E17FCA7004F8D1B /* GoalOptionVC.xib in Resources */,
				84B8EDFD2E16C7DE004F8D1B /* LaunchScreen.storyboard in Resources */,
				84B8EE0F2E16DA11004F8D1B /* IssueOptionVC.xib in Resources */,
				8463F75F2E1829B200DF7EED /* PlanOptionVC.xib in Resources */,
				84B8EDFA2E16C7DE004F8D1B /* Assets.xcassets in Resources */,
				84CDAC6D2E1A963A008A7073 /* InfoProfileVC.xib in Resources */,
				8463F7682E18328500DF7EED /* LogVC.xib in Resources */,
				84B8EE0B2E16D2EE004F8D1B /* FirstPageVC.xib in Resources */,
				84B8EDF82E16C7DD004F8D1B /* Main.storyboard in Resources */,
				84CDAC612E19775E008A7073 /* LogCell.xib in Resources */,
				84B8EE252E181F2C004F8D1B /* GoalOptionCell.xib in Resources */,
				8463F7642E182B7A00DF7EED /* PlanOptionCell.xib in Resources */,
				84EE175F2E195C9000E7738C /* InfoHeartVC.xib in Resources */,
			);
			runOnlyForDeploymentPostprocessing = 0;
		};
/* End PBXResourcesBuildPhase section */

/* Begin PBXSourcesBuildPhase section */
		84B8EDE92E16C7DD004F8D1B /* Sources */ = {
			isa = PBXSourcesBuildPhase;
			buildActionMask = 2147483647;
			files = (
				84CDAC712E1AA105008A7073 /* ProfileVC.swift in Sources */,
				84CDAC662E1A7B9A008A7073 /* SettingCell.swift in Sources */,
				84B8EDF52E16C7DD004F8D1B /* ViewController.swift in Sources */,
				2CBA1AA22E1B8018004D503F /* ProfileManager.swift in Sources */,
				8463F7712E19420D00DF7EED /* SettingVC.swift in Sources */,
				8463F7672E18328500DF7EED /* LogVC.swift in Sources */,
				84EE175E2E195C9000E7738C /* InfoHeartVC.swift in Sources */,
				84B8EDF12E16C7DD004F8D1B /* AppDelegate.swift in Sources */,
				84CDAC602E19775E008A7073 /* LogCell.swift in Sources */,
				84CDAC632E197EAD008A7073 /* Log.swift in Sources */,
				84CDAC692E1A854B008A7073 /* Setting.swift in Sources */,
				2CBA1AA02E1B72C8004D503F /* Profile.swift in Sources */,
				84B8EE1F2E17FCA7004F8D1B /* GoalOptionVC.swift in Sources */,
				84B8EE172E17EA45004F8D1B /* Option.swift in Sources */,
				84CDAC6C2E1A963A008A7073 /* InfoProfileVC.swift in Sources */,
				84B8EE0A2E16D2EE004F8D1B /* FirstPageVC.swift in Sources */,
				84B8EE0E2E16DA11004F8D1B /* IssueOptionVC.swift in Sources */,
				84B8EE142E17D484004F8D1B /* IssueOptionCell.swift in Sources */,
				84B8EE242E181F2C004F8D1B /* GoalOptionCell.swift in Sources */,
				8463F75E2E1829B200DF7EED /* PlanOptionVC.swift in Sources */,
				8463F7632E182B7A00DF7EED /* PlanOptionCell.swift in Sources */,
				84B8EDF32E16C7DD004F8D1B /* SceneDelegate.swift in Sources */,
			);
			runOnlyForDeploymentPostprocessing = 0;
		};
/* End PBXSourcesBuildPhase section */

/* Begin PBXVariantGroup section */
		84B8EDF62E16C7DD004F8D1B /* Main.storyboard */ = {
			isa = PBXVariantGroup;
			children = (
				84B8EDF72E16C7DD004F8D1B /* Base */,
			);
			name = Main.storyboard;
			sourceTree = "<group>";
		};
		84B8EDFB2E16C7DE004F8D1B /* LaunchScreen.storyboard */ = {
			isa = PBXVariantGroup;
			children = (
				84B8EDFC2E16C7DE004F8D1B /* Base */,
			);
			name = LaunchScreen.storyboard;
			sourceTree = "<group>";
		};
/* End PBXVariantGroup section */

/* Begin XCBuildConfiguration section */
		84B8EDFF2E16C7DE004F8D1B /* Debug */ = {
			isa = XCBuildConfiguration;
			buildSettings = {
				ALWAYS_SEARCH_USER_PATHS = NO;
				CLANG_ANALYZER_NONNULL = YES;
				CLANG_ANALYZER_NUMBER_OBJECT_CONVERSION = YES_AGGRESSIVE;
				CLANG_CXX_LANGUAGE_STANDARD = "gnu++20";
				CLANG_ENABLE_MODULES = YES;
				CLANG_ENABLE_OBJC_ARC = YES;
				CLANG_ENABLE_OBJC_WEAK = YES;
				CLANG_WARN_BLOCK_CAPTURE_AUTORELEASING = YES;
				CLANG_WARN_BOOL_CONVERSION = YES;
				CLANG_WARN_COMMA = YES;
				CLANG_WARN_CONSTANT_CONVERSION = YES;
				CLANG_WARN_DEPRECATED_OBJC_IMPLEMENTATIONS = YES;
				CLANG_WARN_DIRECT_OBJC_ISA_USAGE = YES_ERROR;
				CLANG_WARN_DOCUMENTATION_COMMENTS = YES;
				CLANG_WARN_EMPTY_BODY = YES;
				CLANG_WARN_ENUM_CONVERSION = YES;
				CLANG_WARN_INFINITE_RECURSION = YES;
				CLANG_WARN_INT_CONVERSION = YES;
				CLANG_WARN_NON_LITERAL_NULL_CONVERSION = YES;
				CLANG_WARN_OBJC_IMPLICIT_RETAIN_SELF = YES;
				CLANG_WARN_OBJC_LITERAL_CONVERSION = YES;
				CLANG_WARN_OBJC_ROOT_CLASS = YES_ERROR;
				CLANG_WARN_QUOTED_INCLUDE_IN_FRAMEWORK_HEADER = YES;
				CLANG_WARN_RANGE_LOOP_ANALYSIS = YES;
				CLANG_WARN_STRICT_PROTOTYPES = YES;
				CLANG_WARN_SUSPICIOUS_MOVE = YES;
				CLANG_WARN_UNGUARDED_AVAILABILITY = YES_AGGRESSIVE;
				CLANG_WARN_UNREACHABLE_CODE = YES;
				CLANG_WARN__DUPLICATE_METHOD_MATCH = YES;
				COPY_PHASE_STRIP = NO;
				DEBUG_INFORMATION_FORMAT = dwarf;
				ENABLE_STRICT_OBJC_MSGSEND = YES;
				ENABLE_TESTABILITY = YES;
				GCC_C_LANGUAGE_STANDARD = gnu11;
				GCC_DYNAMIC_NO_PIC = NO;
				GCC_NO_COMMON_BLOCKS = YES;
				GCC_OPTIMIZATION_LEVEL = 0;
				GCC_PREPROCESSOR_DEFINITIONS = (
					"DEBUG=1",
					"$(inherited)",
				);
				GCC_WARN_64_TO_32_BIT_CONVERSION = YES;
				GCC_WARN_ABOUT_RETURN_TYPE = YES_ERROR;
				GCC_WARN_UNDECLARED_SELECTOR = YES;
				GCC_WARN_UNINITIALIZED_AUTOS = YES_AGGRESSIVE;
				GCC_WARN_UNUSED_FUNCTION = YES;
				GCC_WARN_UNUSED_VARIABLE = YES;
				IPHONEOS_DEPLOYMENT_TARGET = 16.2;
				MTL_ENABLE_DEBUG_INFO = INCLUDE_SOURCE;
				MTL_FAST_MATH = YES;
				ONLY_ACTIVE_ARCH = YES;
				SDKROOT = iphoneos;
				SWIFT_ACTIVE_COMPILATION_CONDITIONS = DEBUG;
				SWIFT_OPTIMIZATION_LEVEL = "-Onone";
			};
			name = Debug;
		};
		84B8EE002E16C7DE004F8D1B /* Release */ = {
			isa = XCBuildConfiguration;
			buildSettings = {
				ALWAYS_SEARCH_USER_PATHS = NO;
				CLANG_ANALYZER_NONNULL = YES;
				CLANG_ANALYZER_NUMBER_OBJECT_CONVERSION = YES_AGGRESSIVE;
				CLANG_CXX_LANGUAGE_STANDARD = "gnu++20";
				CLANG_ENABLE_MODULES = YES;
				CLANG_ENABLE_OBJC_ARC = YES;
				CLANG_ENABLE_OBJC_WEAK = YES;
				CLANG_WARN_BLOCK_CAPTURE_AUTORELEASING = YES;
				CLANG_WARN_BOOL_CONVERSION = YES;
				CLANG_WARN_COMMA = YES;
				CLANG_WARN_CONSTANT_CONVERSION = YES;
				CLANG_WARN_DEPRECATED_OBJC_IMPLEMENTATIONS = YES;
				CLANG_WARN_DIRECT_OBJC_ISA_USAGE = YES_ERROR;
				CLANG_WARN_DOCUMENTATION_COMMENTS = YES;
				CLANG_WARN_EMPTY_BODY = YES;
				CLANG_WARN_ENUM_CONVERSION = YES;
				CLANG_WARN_INFINITE_RECURSION = YES;
				CLANG_WARN_INT_CONVERSION = YES;
				CLANG_WARN_NON_LITERAL_NULL_CONVERSION = YES;
				CLANG_WARN_OBJC_IMPLICIT_RETAIN_SELF = YES;
				CLANG_WARN_OBJC_LITERAL_CONVERSION = YES;
				CLANG_WARN_OBJC_ROOT_CLASS = YES_ERROR;
				CLANG_WARN_QUOTED_INCLUDE_IN_FRAMEWORK_HEADER = YES;
				CLANG_WARN_RANGE_LOOP_ANALYSIS = YES;
				CLANG_WARN_STRICT_PROTOTYPES = YES;
				CLANG_WARN_SUSPICIOUS_MOVE = YES;
				CLANG_WARN_UNGUARDED_AVAILABILITY = YES_AGGRESSIVE;
				CLANG_WARN_UNREACHABLE_CODE = YES;
				CLANG_WARN__DUPLICATE_METHOD_MATCH = YES;
				COPY_PHASE_STRIP = NO;
				DEBUG_INFORMATION_FORMAT = "dwarf-with-dsym";
				ENABLE_NS_ASSERTIONS = NO;
				ENABLE_STRICT_OBJC_MSGSEND = YES;
				GCC_C_LANGUAGE_STANDARD = gnu11;
				GCC_NO_COMMON_BLOCKS = YES;
				GCC_WARN_64_TO_32_BIT_CONVERSION = YES;
				GCC_WARN_ABOUT_RETURN_TYPE = YES_ERROR;
				GCC_WARN_UNDECLARED_SELECTOR = YES;
				GCC_WARN_UNINITIALIZED_AUTOS = YES_AGGRESSIVE;
				GCC_WARN_UNUSED_FUNCTION = YES;
				GCC_WARN_UNUSED_VARIABLE = YES;
				IPHONEOS_DEPLOYMENT_TARGET = 16.2;
				MTL_ENABLE_DEBUG_INFO = NO;
				MTL_FAST_MATH = YES;
				SDKROOT = iphoneos;
				SWIFT_COMPILATION_MODE = wholemodule;
				SWIFT_OPTIMIZATION_LEVEL = "-O";
				VALIDATE_PRODUCT = YES;
			};
			name = Release;
		};
		84B8EE022E16C7DE004F8D1B /* Debug */ = {
			isa = XCBuildConfiguration;
			buildSettings = {
				ASSETCATALOG_COMPILER_APPICON_NAME = AppIcon;
				ASSETCATALOG_COMPILER_GLOBAL_ACCENT_COLOR_NAME = AccentColor;
				CODE_SIGN_STYLE = Automatic;
				CURRENT_PROJECT_VERSION = 1;
				GENERATE_INFOPLIST_FILE = YES;
				INFOPLIST_FILE = HeathPlanPro/Info.plist;
				INFOPLIST_KEY_UIApplicationSupportsIndirectInputEvents = YES;
				INFOPLIST_KEY_UILaunchStoryboardName = LaunchScreen;
				INFOPLIST_KEY_UIMainStoryboardFile = Main;
				INFOPLIST_KEY_UISupportedInterfaceOrientations_iPad = "UIInterfaceOrientationPortrait UIInterfaceOrientationPortraitUpsideDown UIInterfaceOrientationLandscapeLeft UIInterfaceOrientationLandscapeRight";
				INFOPLIST_KEY_UISupportedInterfaceOrientations_iPhone = "UIInterfaceOrientationPortrait UIInterfaceOrientationLandscapeLeft UIInterfaceOrientationLandscapeRight";
				LD_RUNPATH_SEARCH_PATHS = (
					"$(inherited)",
					"@executable_path/Frameworks",
				);
				MARKETING_VERSION = 1.0;
				PRODUCT_BUNDLE_IDENTIFIER = ngoccha.HeathPlanPro;
				PRODUCT_NAME = "$(TARGET_NAME)";
				SWIFT_EMIT_LOC_STRINGS = YES;
				SWIFT_VERSION = 5.0;
				TARGETED_DEVICE_FAMILY = "1,2";
			};
			name = Debug;
		};
		84B8EE032E16C7DE004F8D1B /* Release */ = {
			isa = XCBuildConfiguration;
			buildSettings = {
				ASSETCATALOG_COMPILER_APPICON_NAME = AppIcon;
				ASSETCATALOG_COMPILER_GLOBAL_ACCENT_COLOR_NAME = AccentColor;
				CODE_SIGN_STYLE = Automatic;
				CURRENT_PROJECT_VERSION = 1;
				GENERATE_INFOPLIST_FILE = YES;
				INFOPLIST_FILE = HeathPlanPro/Info.plist;
				INFOPLIST_KEY_UIApplicationSupportsIndirectInputEvents = YES;
				INFOPLIST_KEY_UILaunchStoryboardName = LaunchScreen;
				INFOPLIST_KEY_UIMainStoryboardFile = Main;
				INFOPLIST_KEY_UISupportedInterfaceOrientations_iPad = "UIInterfaceOrientationPortrait UIInterfaceOrientationPortraitUpsideDown UIInterfaceOrientationLandscapeLeft UIInterfaceOrientationLandscapeRight";
				INFOPLIST_KEY_UISupportedInterfaceOrientations_iPhone = "UIInterfaceOrientationPortrait UIInterfaceOrientationLandscapeLeft UIInterfaceOrientationLandscapeRight";
				LD_RUNPATH_SEARCH_PATHS = (
					"$(inherited)",
					"@executable_path/Frameworks",
				);
				MARKETING_VERSION = 1.0;
				PRODUCT_BUNDLE_IDENTIFIER = ngoccha.HeathPlanPro;
				PRODUCT_NAME = "$(TARGET_NAME)";
				SWIFT_EMIT_LOC_STRINGS = YES;
				SWIFT_VERSION = 5.0;
				TARGETED_DEVICE_FAMILY = "1,2";
			};
			name = Release;
		};
/* End XCBuildConfiguration section */

/* Begin XCConfigurationList section */
		84B8EDE82E16C7DD004F8D1B /* Build configuration list for PBXProject "HeathPlanPro" */ = {
			isa = XCConfigurationList;
			buildConfigurations = (
				84B8EDFF2E16C7DE004F8D1B /* Debug */,
				84B8EE002E16C7DE004F8D1B /* Release */,
			);
			defaultConfigurationIsVisible = 0;
			defaultConfigurationName = Release;
		};
		84B8EE012E16C7DE004F8D1B /* Build configuration list for PBXNativeTarget "HeathPlanPro" */ = {
			isa = XCConfigurationList;
			buildConfigurations = (
				84B8EE022E16C7DE004F8D1B /* Debug */,
				84B8EE032E16C7DE004F8D1B /* Release */,
			);
			defaultConfigurationIsVisible = 0;
			defaultConfigurationName = Release;
		};
/* End XCConfigurationList section */
	};
	rootObject = 84B8EDE52E16C7DD004F8D1B /* Project object */;
}
